
Microsoft Visual Studio Solution File, Format Version 12.00
# Visual Studio Version 17
VisualStudioVersion = 17.0.31903.59
MinimumVisualStudioVersion = 10.0.40219.1
Project("{FAE04EC0-301F-11D3-BF4B-00C04F79EFBC}") = "PersonalFinance.Api", "PersonalFinance.Api\PersonalFinance.Api.csproj", "{154053B2-C802-918C-C0AA-0CE1F8D3DE87}"
EndProject
Project("{FAE04EC0-301F-11D3-BF4B-00C04F79EFBC}") = "PersonalFinance.Core", "PersonalFinance.Core\PersonalFinance.Core.csproj", "{E1C45411-4E05-F200-4551-88A4136BF37B}"
EndProject
Project("{FAE04EC0-301F-11D3-BF4B-00C04F79EFBC}") = "PersonalFinance.Data", "PersonalFinance.Data\PersonalFinance.Data.csproj", "{64CF2295-FA74-899E-83A1-4476B6484575}"
EndProject
Project("{FAE04EC0-301F-11D3-BF4B-00C04F79EFBC}") = "PersonalFinance.Tests", "PersonalFinance.Tests\PersonalFinance.Tests.csproj", "{58675E80-F2DD-B252-9A6D-F832D73889D0}"
EndProject
Global
	GlobalSection(SolutionConfigurationPlatforms) = preSolution
		Debug|Any CPU = Debug|Any CPU
		Release|Any CPU = Release|Any CPU
	EndGlobalSection
	GlobalSection(ProjectConfigurationPlatforms) = postSolution
		{154053B2-C802-918C-C0AA-0CE1F8D3DE87}.Debug|Any CPU.ActiveCfg = Debug|Any CPU
		{154053B2-C802-918C-C0AA-0CE1F8D3DE87}.Debug|Any CPU.Build.0 = Debug|Any CPU
		{154053B2-C802-918C-C0AA-0CE1F8D3DE87}.Release|Any CPU.ActiveCfg = Release|Any CPU
		{154053B2-C802-918C-C0AA-0CE1F8D3DE87}.Release|Any CPU.Build.0 = Release|Any CPU
		{E1C45411-4E05-F200-4551-88A4136BF37B}.Debug|Any CPU.ActiveCfg = Debug|Any CPU
		{E1C45411-4E05-F200-4551-88A4136BF37B}.Debug|Any CPU.Build.0 = Debug|Any CPU
		{E1C45411-4E05-F200-4551-88A4136BF37B}.Release|Any CPU.ActiveCfg = Release|Any CPU
		{E1C45411-4E05-F200-4551-88A4136BF37B}.Release|Any CPU.Build.0 = Release|Any CPU
		{64CF2295-FA74-899E-83A1-4476B6484575}.Debug|Any CPU.ActiveCfg = Debug|Any CPU
		{64CF2295-FA74-899E-83A1-4476B6484575}.Debug|Any CPU.Build.0 = Debug|Any CPU
		{64CF2295-FA74-899E-83A1-4476B6484575}.Release|Any CPU.ActiveCfg = Release|Any CPU
		{64CF2295-FA74-899E-83A1-4476B6484575}.Release|Any CPU.Build.0 = Release|Any CPU
		{58675E80-F2DD-B252-9A6D-F832D73889D0}.Debug|Any CPU.ActiveCfg = Debug|Any CPU
		{58675E80-F2DD-B252-9A6D-F832D73889D0}.Debug|Any CPU.Build.0 = Debug|Any CPU
		{58675E80-F2DD-B252-9A6D-F832D73889D0}.Release|Any CPU.ActiveCfg = Release|Any CPU
		{58675E80-F2DD-B252-9A6D-F832D73889D0}.Release|Any CPU.Build.0 = Release|Any CPU
	EndGlobalSection
	GlobalSection(SolutionProperties) = preSolution
		HideSolutionNode = FALSE
	EndGlobalSection
EndGlobal
